{
  "name": "drawflow",
  "version": "1.0.0",
  "lockfileVersion": 3,
  "requires": true,
  "packages": {
    "": {
      "name": "drawflow",
      "version": "1.0.0",
      "license": "ISC",
      "dependencies": {
        "@types/blazor__javascript-interop": "^3.1.7"
      },
      "devDependencies": {
        "@types/drawflow": "^0.0.10"
      }
    },
    "node_modules/@types/blazor__javascript-interop": {
      "version": "3.1.7",
      "resolved": "https://registry.npmjs.org/@types/blazor__javascript-interop/-/blazor__javascript-interop-3.1.7.tgz",
      "integrity": "sha512-yiY2xNr+J4wC6ISHrKK4ZiouLXokosmgyxmYiuiKyVC4GRv0ItAO5fdGGTbjCqUOQRB342ZEyFyG5mN8893+CA=="
    },
    "node_modules/@types/drawflow": {
      "version": "0.0.10",
      "resolved": "https://registry.npmjs.org/@types/drawflow/-/drawflow-0.0.10.tgz",
      "integrity": "sha512-NH82dNndMKff6tuaewNwevQb6hlTkZ8BteST+G7+ULGsE0k+Dx9ljQapVl0aW7v0bEhFfcDf1tt4y2FZWeX04A==",
      "dev": true
    }
  }
}
